
Microsoft Visual Studio Solution File, Format Version 12.00
# Visual Studio Version 17
VisualStudioVersion = 17.14.36202.13 d17.14
MinimumVisualStudioVersion = 10.0.40219.1
Project("{FAE04EC0-301F-11D3-BF4B-00C04F79EFBC}") = "linq", "linq.csproj", "{AD26C337-8ECD-46BE-9878-11D7E65DFCDA}"
EndProject
Global
	GlobalSection(SolutionConfigurationPlatforms) = preSolution
		Debug|Any CPU = Debug|Any CPU
		Release|Any CPU = Release|Any CPU
	EndGlobalSection
	GlobalSection(ProjectConfigurationPlatforms) = postSolution
		{AD26C337-8ECD-46BE-9878-11D7E65DFCDA}.Debug|Any CPU.ActiveCfg = Debug|Any CPU
		{AD26C337-8ECD-46BE-9878-11D7E65DFCDA}.Debug|Any CPU.Build.0 = Debug|Any CPU
		{AD26C337-8ECD-46BE-9878-11D7E65DFCDA}.Release|Any CPU.ActiveCfg = Release|Any CPU
		{AD26C337-8ECD-46BE-9878-11D7E65DFCDA}.Release|Any CPU.Build.0 = Release|Any CPU
	EndGlobalSection
	GlobalSection(SolutionProperties) = preSolution
		HideSolutionNode = FALSE
	EndGlobalSection
	GlobalSection(ExtensibilityGlobals) = postSolution
		SolutionGuid = {348DAC2B-F188-4F53-ABB5-33C6722168F6}
	EndGlobalSection
EndGlobal
