
Microsoft Visual Studio Solution File, Format Version 12.00
# Visual Studio Version 17
VisualStudioVersion = 17.14.36202.13 d17.14
MinimumVisualStudioVersion = 10.0.40219.1
Project("{FAE04EC0-301F-11D3-BF4B-00C04F79EFBC}") = "IntroUnitTesting", "IntroUnitTesting.csproj", "{7D180B1A-9FC5-4FB9-8981-3F33BEFFDC4A}"
EndProject
Global
	GlobalSection(SolutionConfigurationPlatforms) = preSolution
		Debug|Any CPU = Debug|Any CPU
		Release|Any CPU = Release|Any CPU
	EndGlobalSection
	GlobalSection(ProjectConfigurationPlatforms) = postSolution
		{7D180B1A-9FC5-4FB9-8981-3F33BEFFDC4A}.Debug|Any CPU.ActiveCfg = Debug|Any CPU
		{7D180B1A-9FC5-4FB9-8981-3F33BEFFDC4A}.Debug|Any CPU.Build.0 = Debug|Any CPU
		{7D180B1A-9FC5-4FB9-8981-3F33BEFFDC4A}.Release|Any CPU.ActiveCfg = Release|Any CPU
		{7D180B1A-9FC5-4FB9-8981-3F33BEFFDC4A}.Release|Any CPU.Build.0 = Release|Any CPU
	EndGlobalSection
	GlobalSection(SolutionProperties) = preSolution
		HideSolutionNode = FALSE
	EndGlobalSection
	GlobalSection(ExtensibilityGlobals) = postSolution
		SolutionGuid = {73C76083-5407-46A2-B5F1-C580B82BE60E}
	EndGlobalSection
EndGlobal
