
Microsoft Visual Studio Solution File, Format Version 12.00
# Visual Studio Version 17
VisualStudioVersion = 17.14.36202.13 d17.14
MinimumVisualStudioVersion = 10.0.40219.1
Project("{FAE04EC0-301F-11D3-BF4B-00C04F79EFBC}") = "Insekt", "Insekt.csproj", "{D5D251CF-8FF8-430D-8F1D-362DEA8BEF2E}"
EndProject
Global
	GlobalSection(SolutionConfigurationPlatforms) = preSolution
		Debug|Any CPU = Debug|Any CPU
		Release|Any CPU = Release|Any CPU
	EndGlobalSection
	GlobalSection(ProjectConfigurationPlatforms) = postSolution
		{D5D251CF-8FF8-430D-8F1D-362DEA8BEF2E}.Debug|Any CPU.ActiveCfg = Debug|Any CPU
		{D5D251CF-8FF8-430D-8F1D-362DEA8BEF2E}.Debug|Any CPU.Build.0 = Debug|Any CPU
		{D5D251CF-8FF8-430D-8F1D-362DEA8BEF2E}.Release|Any CPU.ActiveCfg = Release|Any CPU
		{D5D251CF-8FF8-430D-8F1D-362DEA8BEF2E}.Release|Any CPU.Build.0 = Release|Any CPU
	EndGlobalSection
	GlobalSection(SolutionProperties) = preSolution
		HideSolutionNode = FALSE
	EndGlobalSection
	GlobalSection(ExtensibilityGlobals) = postSolution
		SolutionGuid = {7CE74B34-F151-4F72-87E6-7638E995182A}
	EndGlobalSection
EndGlobal
