
Microsoft Visual Studio Solution File, Format Version 12.00
# Visual Studio Version 17
VisualStudioVersion = 17.14.36127.28 d17.14
MinimumVisualStudioVersion = 10.0.40219.1
Project("{FAE04EC0-301F-11D3-BF4B-00C04F79EFBC}") = "forLoops", "forLoops.csproj", "{B29CA116-A239-4842-B9BB-6292654417C9}"
EndProject
Global
	GlobalSection(SolutionConfigurationPlatforms) = preSolution
		Debug|Any CPU = Debug|Any CPU
		Release|Any CPU = Release|Any CPU
	EndGlobalSection
	GlobalSection(ProjectConfigurationPlatforms) = postSolution
		{B29CA116-A239-4842-B9BB-6292654417C9}.Debug|Any CPU.ActiveCfg = Debug|Any CPU
		{B29CA116-A239-4842-B9BB-6292654417C9}.Debug|Any CPU.Build.0 = Debug|Any CPU
		{B29CA116-A239-4842-B9BB-6292654417C9}.Release|Any CPU.ActiveCfg = Release|Any CPU
		{B29CA116-A239-4842-B9BB-6292654417C9}.Release|Any CPU.Build.0 = Release|Any CPU
	EndGlobalSection
	GlobalSection(SolutionProperties) = preSolution
		HideSolutionNode = FALSE
	EndGlobalSection
	GlobalSection(ExtensibilityGlobals) = postSolution
		SolutionGuid = {BADC9293-0AC3-430A-829B-02CA20419D68}
	EndGlobalSection
EndGlobal
