
Microsoft Visual Studio Solution File, Format Version 12.00
# Visual Studio Version 17
VisualStudioVersion = 17.14.36202.13 d17.14
MinimumVisualStudioVersion = 10.0.40219.1
Project("{FAE04EC0-301F-11D3-BF4B-00C04F79EFBC}") = "Abstrakcja i Klasy Abstrakcyjne", "Abstrakcja i Klasy Abstrakcyjne.csproj", "{9DAE1224-1808-48BA-9712-FF45B886556C}"
EndProject
Global
	GlobalSection(SolutionConfigurationPlatforms) = preSolution
		Debug|Any CPU = Debug|Any CPU
		Release|Any CPU = Release|Any CPU
	EndGlobalSection
	GlobalSection(ProjectConfigurationPlatforms) = postSolution
		{9DAE1224-1808-48BA-9712-FF45B886556C}.Debug|Any CPU.ActiveCfg = Debug|Any CPU
		{9DAE1224-1808-48BA-9712-FF45B886556C}.Debug|Any CPU.Build.0 = Debug|Any CPU
		{9DAE1224-1808-48BA-9712-FF45B886556C}.Release|Any CPU.ActiveCfg = Release|Any CPU
		{9DAE1224-1808-48BA-9712-FF45B886556C}.Release|Any CPU.Build.0 = Release|Any CPU
	EndGlobalSection
	GlobalSection(SolutionProperties) = preSolution
		HideSolutionNode = FALSE
	EndGlobalSection
	GlobalSection(ExtensibilityGlobals) = postSolution
		SolutionGuid = {FECC69FB-7C69-4A46-AFAC-0B6FE0F00AA6}
	EndGlobalSection
EndGlobal
